
Microsoft Visual Studio Solution File, Format Version 12.00
# Visual Studio Version 16
VisualStudioVersion = 16.0.31205.134
MinimumVisualStudioVersion = 10.0.40219.1
Project("{FAE04EC0-301F-11D3-BF4B-00C04F79EFBC}") = "TodoList.Api.Demo", "TodoList.Api.Demo\TodoList.Api.Demo.csproj", "{CF497A5C-428D-4F9D-B536-30D20AE8030C}"
EndProject
Global
	GlobalSection(SolutionConfigurationPlatforms) = preSolution
		Debug|Any CPU = Debug|Any CPU
		Release|Any CPU = Release|Any CPU
	EndGlobalSection
	GlobalSection(ProjectConfigurationPlatforms) = postSolution
		{CF497A5C-428D-4F9D-B536-30D20AE8030C}.Debug|Any CPU.ActiveCfg = Debug|Any CPU
		{CF497A5C-428D-4F9D-B536-30D20AE8030C}.Debug|Any CPU.Build.0 = Debug|Any CPU
		{CF497A5C-428D-4F9D-B536-30D20AE8030C}.Release|Any CPU.ActiveCfg = Release|Any CPU
		{CF497A5C-428D-4F9D-B536-30D20AE8030C}.Release|Any CPU.Build.0 = Release|Any CPU
	EndGlobalSection
	GlobalSection(SolutionProperties) = preSolution
		HideSolutionNode = FALSE
	EndGlobalSection
	GlobalSection(ExtensibilityGlobals) = postSolution
		SolutionGuid = {5C0E1CF1-61AC-41EC-A682-CB67DCEABF97}
	EndGlobalSection
EndGlobal
